{
  "name": "lab6",
  "version": "1.0.0",
  "lockfileVersion": 1,
  "requires": true,
  "dependencies": {
    "bitwise": {
      "version": "2.0.4",
      "resolved": "https://registry.npmjs.org/bitwise/-/bitwise-2.0.4.tgz",
      "integrity": "sha512-ZOByl1Sc8SH2/owfRfR1apaC1ELNqHqAAtfqs1Ixqk/9Bod6VxWz10MiMYXkNiL95RdFAqOGQxm1TCGPf1iFyw=="
    },
    "fs": {
      "version": "0.0.1-security",
      "resolved": "https://registry.npmjs.org/fs/-/fs-0.0.1-security.tgz",
      "integrity": "sha1-invTcYa23d84E/I4WLV+yq9eQdQ="
    },
    "readline": {
      "version": "1.3.0",
      "resolved": "https://registry.npmjs.org/readline/-/readline-1.3.0.tgz",
      "integrity": "sha1-xYDXfvLPyHUrEySYBg3JeTp6wBw="
    }
  }
}
